
Microsoft Visual Studio Solution File, Format Version 12.00
# Visual Studio Version 16
VisualStudioVersion = 16.0.30804.86
MinimumVisualStudioVersion = 10.0.40219.1
Project("{2150E333-8FDC-42A3-9474-1A3956D46DE8}") = "Services", "Services", "{EF795D4D-3E79-42BC-871B-D0DBA472C715}"
EndProject
Project("{2150E333-8FDC-42A3-9474-1A3956D46DE8}") = "Catalog", "Catalog", "{CC2D4AC7-0474-4CD5-9C64-BD2A6FFE7E32}"
EndProject
Project("{9A19103F-16F7-4668-BE54-9A1E7A4F7556}") = "Catalog.API", "Services\Catalog\Catalog.API\Catalog.API.csproj", "{2F113453-8A63-40F8-A634-7162530D3ADD}"
EndProject
Project("{E53339B2-1760-4266-BCC7-CA923CBCF16C}") = "docker-compose", "docker-compose.dcproj", "{212558E0-6D50-4B75-A20F-69CAC785F16A}"
EndProject
Project("{2150E333-8FDC-42A3-9474-1A3956D46DE8}") = "Basket", "Basket", "{E38D7089-D000-4531-AE90-18688F99FCFB}"
EndProject
Project("{9A19103F-16F7-4668-BE54-9A1E7A4F7556}") = "Basket.API", "Services\Basket\Basket.API\Basket.API.csproj", "{041D0445-4BB6-410F-901A-81372FAF6294}"
EndProject
Project("{2150E333-8FDC-42A3-9474-1A3956D46DE8}") = "Discount", "Discount", "{BEB4805D-879F-4240-B4D1-6D2B6C31AED4}"
EndProject
Project("{9A19103F-16F7-4668-BE54-9A1E7A4F7556}") = "Discount.API", "Services\Discount\Discount.API\Discount.API.csproj", "{19A813F8-AA58-4E72-9FB0-B3ED630E85D8}"
EndProject
Project("{9A19103F-16F7-4668-BE54-9A1E7A4F7556}") = "Discount.GRPC", "Services\Discount\Discount.GRPC\Discount.GRPC.csproj", "{28F72650-1811-4628-870C-BB325155574F}"
EndProject
Project("{2150E333-8FDC-42A3-9474-1A3956D46DE8}") = "Ordering", "Ordering", "{ACC61810-5C08-4AF3-A782-541364198F6D}"
EndProject
Project("{9A19103F-16F7-4668-BE54-9A1E7A4F7556}") = "Ordering.API", "Services\Ordering\Ordering.API\Ordering.API.csproj", "{34DE9131-D666-4DB4-A1E4-E0B44ED3C185}"
EndProject
Project("{9A19103F-16F7-4668-BE54-9A1E7A4F7556}") = "Ordering.Domain", "Services\Ordering\Ordering.Domain\Ordering.Domain.csproj", "{0179DB64-6E5E-4523-BFC7-276D1F0A0804}"
EndProject
Project("{9A19103F-16F7-4668-BE54-9A1E7A4F7556}") = "Ordering.Application", "Services\Ordering\Ordering.Application\Ordering.Application.csproj", "{B04C6555-3238-4B7C-9070-0715ED264A4C}"
EndProject
Project("{9A19103F-16F7-4668-BE54-9A1E7A4F7556}") = "Ordering.Infrastructure", "Services\Ordering\Ordering.Infrastructure\Ordering.Infrastructure.csproj", "{4A72D1D3-9350-4D48-84CC-618650FF6B8F}"
EndProject
Project("{2150E333-8FDC-42A3-9474-1A3956D46DE8}") = "BuildingBlocks", "BuildingBlocks", "{DA071724-C455-447A-9718-E79318A11C2B}"
EndProject
Project("{9A19103F-16F7-4668-BE54-9A1E7A4F7556}") = "EventBus.Messages", "BuildingBlocks\EventBus.Messages\EventBus.Messages.csproj", "{121A0716-3900-471C-A337-F9A760B08763}"
EndProject
Project("{2150E333-8FDC-42A3-9474-1A3956D46DE8}") = "ApiGateways", "ApiGateways", "{91C8BFEF-C68E-4A87-BC3D-D78CDB68F339}"
EndProject
Project("{9A19103F-16F7-4668-BE54-9A1E7A4F7556}") = "OcelotApiGateway", "ApiGateways\OcelotApiGateway\OcelotApiGateway.csproj", "{70E79913-2819-422C-A17A-8682FA2BA14F}"
EndProject
Project("{FAE04EC0-301F-11D3-BF4B-00C04F79EFBC}") = "Shopping.Aggregator", "ApiGateways\Shopping.Aggregator\Shopping.Aggregator.csproj", "{C27FBAF2-5CA7-428D-ABC1-210728BC112F}"
EndProject
Global
	GlobalSection(SolutionConfigurationPlatforms) = preSolution
		Debug|Any CPU = Debug|Any CPU
		Release|Any CPU = Release|Any CPU
	EndGlobalSection
	GlobalSection(ProjectConfigurationPlatforms) = postSolution
		{2F113453-8A63-40F8-A634-7162530D3ADD}.Debug|Any CPU.ActiveCfg = Debug|Any CPU
		{2F113453-8A63-40F8-A634-7162530D3ADD}.Debug|Any CPU.Build.0 = Debug|Any CPU
		{2F113453-8A63-40F8-A634-7162530D3ADD}.Release|Any CPU.ActiveCfg = Release|Any CPU
		{2F113453-8A63-40F8-A634-7162530D3ADD}.Release|Any CPU.Build.0 = Release|Any CPU
		{212558E0-6D50-4B75-A20F-69CAC785F16A}.Debug|Any CPU.ActiveCfg = Debug|Any CPU
		{212558E0-6D50-4B75-A20F-69CAC785F16A}.Debug|Any CPU.Build.0 = Debug|Any CPU
		{212558E0-6D50-4B75-A20F-69CAC785F16A}.Release|Any CPU.ActiveCfg = Release|Any CPU
		{212558E0-6D50-4B75-A20F-69CAC785F16A}.Release|Any CPU.Build.0 = Release|Any CPU
		{041D0445-4BB6-410F-901A-81372FAF6294}.Debug|Any CPU.ActiveCfg = Debug|Any CPU
		{041D0445-4BB6-410F-901A-81372FAF6294}.Debug|Any CPU.Build.0 = Debug|Any CPU
		{041D0445-4BB6-410F-901A-81372FAF6294}.Release|Any CPU.ActiveCfg = Release|Any CPU
		{041D0445-4BB6-410F-901A-81372FAF6294}.Release|Any CPU.Build.0 = Release|Any CPU
		{19A813F8-AA58-4E72-9FB0-B3ED630E85D8}.Debug|Any CPU.ActiveCfg = Debug|Any CPU
		{19A813F8-AA58-4E72-9FB0-B3ED630E85D8}.Debug|Any CPU.Build.0 = Debug|Any CPU
		{19A813F8-AA58-4E72-9FB0-B3ED630E85D8}.Release|Any CPU.ActiveCfg = Release|Any CPU
		{19A813F8-AA58-4E72-9FB0-B3ED630E85D8}.Release|Any CPU.Build.0 = Release|Any CPU
		{28F72650-1811-4628-870C-BB325155574F}.Debug|Any CPU.ActiveCfg = Debug|Any CPU
		{28F72650-1811-4628-870C-BB325155574F}.Debug|Any CPU.Build.0 = Debug|Any CPU
		{28F72650-1811-4628-870C-BB325155574F}.Release|Any CPU.ActiveCfg = Release|Any CPU
		{28F72650-1811-4628-870C-BB325155574F}.Release|Any CPU.Build.0 = Release|Any CPU
		{34DE9131-D666-4DB4-A1E4-E0B44ED3C185}.Debug|Any CPU.ActiveCfg = Debug|Any CPU
		{34DE9131-D666-4DB4-A1E4-E0B44ED3C185}.Debug|Any CPU.Build.0 = Debug|Any CPU
		{34DE9131-D666-4DB4-A1E4-E0B44ED3C185}.Release|Any CPU.ActiveCfg = Release|Any CPU
		{34DE9131-D666-4DB4-A1E4-E0B44ED3C185}.Release|Any CPU.Build.0 = Release|Any CPU
		{0179DB64-6E5E-4523-BFC7-276D1F0A0804}.Debug|Any CPU.ActiveCfg = Debug|Any CPU
		{0179DB64-6E5E-4523-BFC7-276D1F0A0804}.Debug|Any CPU.Build.0 = Debug|Any CPU
		{0179DB64-6E5E-4523-BFC7-276D1F0A0804}.Release|Any CPU.ActiveCfg = Release|Any CPU
		{0179DB64-6E5E-4523-BFC7-276D1F0A0804}.Release|Any CPU.Build.0 = Release|Any CPU
		{B04C6555-3238-4B7C-9070-0715ED264A4C}.Debug|Any CPU.ActiveCfg = Debug|Any CPU
		{B04C6555-3238-4B7C-9070-0715ED264A4C}.Debug|Any CPU.Build.0 = Debug|Any CPU
		{B04C6555-3238-4B7C-9070-0715ED264A4C}.Release|Any CPU.ActiveCfg = Release|Any CPU
		{B04C6555-3238-4B7C-9070-0715ED264A4C}.Release|Any CPU.Build.0 = Release|Any CPU
		{4A72D1D3-9350-4D48-84CC-618650FF6B8F}.Debug|Any CPU.ActiveCfg = Debug|Any CPU
		{4A72D1D3-9350-4D48-84CC-618650FF6B8F}.Debug|Any CPU.Build.0 = Debug|Any CPU
		{4A72D1D3-9350-4D48-84CC-618650FF6B8F}.Release|Any CPU.ActiveCfg = Release|Any CPU
		{4A72D1D3-9350-4D48-84CC-618650FF6B8F}.Release|Any CPU.Build.0 = Release|Any CPU
		{121A0716-3900-471C-A337-F9A760B08763}.Debug|Any CPU.ActiveCfg = Debug|Any CPU
		{121A0716-3900-471C-A337-F9A760B08763}.Debug|Any CPU.Build.0 = Debug|Any CPU
		{121A0716-3900-471C-A337-F9A760B08763}.Release|Any CPU.ActiveCfg = Release|Any CPU
		{121A0716-3900-471C-A337-F9A760B08763}.Release|Any CPU.Build.0 = Release|Any CPU
		{70E79913-2819-422C-A17A-8682FA2BA14F}.Debug|Any CPU.ActiveCfg = Debug|Any CPU
		{70E79913-2819-422C-A17A-8682FA2BA14F}.Debug|Any CPU.Build.0 = Debug|Any CPU
		{70E79913-2819-422C-A17A-8682FA2BA14F}.Release|Any CPU.ActiveCfg = Release|Any CPU
		{70E79913-2819-422C-A17A-8682FA2BA14F}.Release|Any CPU.Build.0 = Release|Any CPU
		{C27FBAF2-5CA7-428D-ABC1-210728BC112F}.Debug|Any CPU.ActiveCfg = Debug|Any CPU
		{C27FBAF2-5CA7-428D-ABC1-210728BC112F}.Debug|Any CPU.Build.0 = Debug|Any CPU
		{C27FBAF2-5CA7-428D-ABC1-210728BC112F}.Release|Any CPU.ActiveCfg = Release|Any CPU
		{C27FBAF2-5CA7-428D-ABC1-210728BC112F}.Release|Any CPU.Build.0 = Release|Any CPU
	EndGlobalSection
	GlobalSection(SolutionProperties) = preSolution
		HideSolutionNode = FALSE
	EndGlobalSection
	GlobalSection(NestedProjects) = preSolution
		{CC2D4AC7-0474-4CD5-9C64-BD2A6FFE7E32} = {EF795D4D-3E79-42BC-871B-D0DBA472C715}
		{2F113453-8A63-40F8-A634-7162530D3ADD} = {CC2D4AC7-0474-4CD5-9C64-BD2A6FFE7E32}
		{E38D7089-D000-4531-AE90-18688F99FCFB} = {EF795D4D-3E79-42BC-871B-D0DBA472C715}
		{041D0445-4BB6-410F-901A-81372FAF6294} = {E38D7089-D000-4531-AE90-18688F99FCFB}
		{BEB4805D-879F-4240-B4D1-6D2B6C31AED4} = {EF795D4D-3E79-42BC-871B-D0DBA472C715}
		{19A813F8-AA58-4E72-9FB0-B3ED630E85D8} = {BEB4805D-879F-4240-B4D1-6D2B6C31AED4}
		{28F72650-1811-4628-870C-BB325155574F} = {BEB4805D-879F-4240-B4D1-6D2B6C31AED4}
		{ACC61810-5C08-4AF3-A782-541364198F6D} = {EF795D4D-3E79-42BC-871B-D0DBA472C715}
		{34DE9131-D666-4DB4-A1E4-E0B44ED3C185} = {ACC61810-5C08-4AF3-A782-541364198F6D}
		{0179DB64-6E5E-4523-BFC7-276D1F0A0804} = {ACC61810-5C08-4AF3-A782-541364198F6D}
		{B04C6555-3238-4B7C-9070-0715ED264A4C} = {ACC61810-5C08-4AF3-A782-541364198F6D}
		{4A72D1D3-9350-4D48-84CC-618650FF6B8F} = {ACC61810-5C08-4AF3-A782-541364198F6D}
		{121A0716-3900-471C-A337-F9A760B08763} = {DA071724-C455-447A-9718-E79318A11C2B}
		{70E79913-2819-422C-A17A-8682FA2BA14F} = {91C8BFEF-C68E-4A87-BC3D-D78CDB68F339}
		{C27FBAF2-5CA7-428D-ABC1-210728BC112F} = {91C8BFEF-C68E-4A87-BC3D-D78CDB68F339}
	EndGlobalSection
	GlobalSection(ExtensibilityGlobals) = postSolution
		SolutionGuid = {8075B621-8E09-454F-89D9-A0DF8BC1D6D6}
	EndGlobalSection
EndGlobal
